
Microsoft Visual Studio Solution File, Format Version 12.00
# Visual Studio Version 17
VisualStudioVersion = 17.4.33103.184
MinimumVisualStudioVersion = 10.0.40219.1
Project("{9A19103F-16F7-4668-BE54-9A1E7A4F7556}") = "FilmesApi", "FilmesApi\FilmesApi.csproj", "{DC7A5767-866B-48B5-84BE-AB87A9304532}"
EndProject
Global
	GlobalSection(SolutionConfigurationPlatforms) = preSolution
		Debug|Any CPU = Debug|Any CPU
		Release|Any CPU = Release|Any CPU
	EndGlobalSection
	GlobalSection(ProjectConfigurationPlatforms) = postSolution
		{DC7A5767-866B-48B5-84BE-AB87A9304532}.Debug|Any CPU.ActiveCfg = Debug|Any CPU
		{DC7A5767-866B-48B5-84BE-AB87A9304532}.Debug|Any CPU.Build.0 = Debug|Any CPU
		{DC7A5767-866B-48B5-84BE-AB87A9304532}.Release|Any CPU.ActiveCfg = Release|Any CPU
		{DC7A5767-866B-48B5-84BE-AB87A9304532}.Release|Any CPU.Build.0 = Release|Any CPU
	EndGlobalSection
	GlobalSection(SolutionProperties) = preSolution
		HideSolutionNode = FALSE
	EndGlobalSection
	GlobalSection(ExtensibilityGlobals) = postSolution
		SolutionGuid = {4561EFCA-272D-4B68-A0EB-A21847AE3819}
	EndGlobalSection
EndGlobal
